
Microsoft Visual Studio Solution File, Format Version 12.00
# Visual Studio 15
VisualStudioVersion = 15.0.27703.2042
MinimumVisualStudioVersion = 10.0.40219.1
Project("{FAE04EC0-301F-11D3-BF4B-00C04F79EFBC}") = "Week1Ex", "Week1Ex\Week1Ex.csproj", "{F8AAA5A3-EB08-4AE9-BA38-B1D98ACDD1BE}"
EndProject
Global
	GlobalSection(SolutionConfigurationPlatforms) = preSolution
		Debug|Any CPU = Debug|Any CPU
		Release|Any CPU = Release|Any CPU
	EndGlobalSection
	GlobalSection(ProjectConfigurationPlatforms) = postSolution
		{F8AAA5A3-EB08-4AE9-BA38-B1D98ACDD1BE}.Debug|Any CPU.ActiveCfg = Debug|Any CPU
		{F8AAA5A3-EB08-4AE9-BA38-B1D98ACDD1BE}.Debug|Any CPU.Build.0 = Debug|Any CPU
		{F8AAA5A3-EB08-4AE9-BA38-B1D98ACDD1BE}.Release|Any CPU.ActiveCfg = Release|Any CPU
		{F8AAA5A3-EB08-4AE9-BA38-B1D98ACDD1BE}.Release|Any CPU.Build.0 = Release|Any CPU
	EndGlobalSection
	GlobalSection(SolutionProperties) = preSolution
		HideSolutionNode = FALSE
	EndGlobalSection
	GlobalSection(ExtensibilityGlobals) = postSolution
		SolutionGuid = {0752AA1B-4FF9-478B-B940-540896A5B983}
	EndGlobalSection
EndGlobal
